
Microsoft Visual Studio Solution File, Format Version 12.00
# Visual Studio Version 17
VisualStudioVersion = 17.1.32210.238
MinimumVisualStudioVersion = 10.0.40219.1
Project("{FAE04EC0-301F-11D3-BF4B-00C04F79EFBC}") = "DataBaseServer_Conection", "DataBaseServer_Conection\DataBaseServer_Conection.csproj", "{4A4AFD5C-5C77-48DB-88BE-AFE295458109}"
EndProject
Global
	GlobalSection(SolutionConfigurationPlatforms) = preSolution
		Debug|Any CPU = Debug|Any CPU
		Release|Any CPU = Release|Any CPU
	EndGlobalSection
	GlobalSection(ProjectConfigurationPlatforms) = postSolution
		{4A4AFD5C-5C77-48DB-88BE-AFE295458109}.Debug|Any CPU.ActiveCfg = Debug|Any CPU
		{4A4AFD5C-5C77-48DB-88BE-AFE295458109}.Debug|Any CPU.Build.0 = Debug|Any CPU
		{4A4AFD5C-5C77-48DB-88BE-AFE295458109}.Release|Any CPU.ActiveCfg = Release|Any CPU
		{4A4AFD5C-5C77-48DB-88BE-AFE295458109}.Release|Any CPU.Build.0 = Release|Any CPU
	EndGlobalSection
	GlobalSection(SolutionProperties) = preSolution
		HideSolutionNode = FALSE
	EndGlobalSection
	GlobalSection(ExtensibilityGlobals) = postSolution
		SolutionGuid = {BF8CFDE7-BCCB-4DBE-B211-33932E220C2B}
	EndGlobalSection
EndGlobal
